
Microsoft Visual Studio Solution File, Format Version 12.00
# Visual Studio Version 16
VisualStudioVersion = 16.0.31501.217
MinimumVisualStudioVersion = 10.0.40219.1
Project("{FAE04EC0-301F-11D3-BF4B-00C04F79EFBC}") = "Task1_db_design_Emp_Deg_Dep", "Task1_db_design_Emp_Deg_Dep\Task1_db_design_Emp_Deg_Dep.csproj", "{0016B890-E0D5-4622-BFC0-A35C26B48C98}"
EndProject
Global
	GlobalSection(SolutionConfigurationPlatforms) = preSolution
		Debug|Any CPU = Debug|Any CPU
		Release|Any CPU = Release|Any CPU
	EndGlobalSection
	GlobalSection(ProjectConfigurationPlatforms) = postSolution
		{0016B890-E0D5-4622-BFC0-A35C26B48C98}.Debug|Any CPU.ActiveCfg = Debug|Any CPU
		{0016B890-E0D5-4622-BFC0-A35C26B48C98}.Debug|Any CPU.Build.0 = Debug|Any CPU
		{0016B890-E0D5-4622-BFC0-A35C26B48C98}.Release|Any CPU.ActiveCfg = Release|Any CPU
		{0016B890-E0D5-4622-BFC0-A35C26B48C98}.Release|Any CPU.Build.0 = Release|Any CPU
	EndGlobalSection
	GlobalSection(SolutionProperties) = preSolution
		HideSolutionNode = FALSE
	EndGlobalSection
	GlobalSection(ExtensibilityGlobals) = postSolution
		SolutionGuid = {325D295C-0944-4F64-B801-93896AB2BB60}
	EndGlobalSection
EndGlobal
